<?xml version="1.0" encoding="utf-8"?>
<Project ToolsVersion="4.0" xmlns="http://schemas.microsoft.com/developer/msbuild/2003">
  <ItemGroup>
    <Filter Include="Monadic">
      <UniqueIdentifier>{870541f5-a762-4334-b044-ee98ad0d253b}</UniqueIdentifier>
    </Filter>
  </ItemGroup>
  <ItemGroup>
    <ClCompile Include="main.cpp" />
  </ItemGroup>
  <ItemGroup>
    <ClInclude Include="Monadic\Common.h">
      <Filter>Monadic</Filter>
    </ClInclude>
    <ClInclude Include="Monadic\ContinuationMonad.h">
      <Filter>Monadic</Filter>
    </ClInclude>
    <ClInclude Include="Monadic\ListMonad.h">
      <Filter>Monadic</Filter>
    </ClInclude>
    <ClInclude Include="Monadic\MaybeMonad.h">
      <Filter>Monadic</Filter>
    </ClInclude>
    <ClInclude Include="Monadic\Monad.h">
      <Filter>Monadic</Filter>
    </ClInclude>
    <ClInclude Include="Monadic\MonadBuilder.h">
      <Filter>Monadic</Filter>
    </ClInclude>
    <ClInclude Include="Monadic\StateMonad.h">
      <Filter>Monadic</Filter>
    </ClInclude>
    <ClInclude Include="Monadic\TypeList.h">
      <Filter>Monadic</Filter>
    </ClInclude>
  </ItemGroup>
</Project>